// !$*UTF8*$!
{
	archiveVersion = 1;
	classes = {
	};
	objectVersion = 56;
	objects = {

/* Begin PBXBuildFile section */
		4608156F29A1869100707DBE /* AppDelegate.swift in Sources */ = {isa = PBXBuildFile; fileRef = 4608156E29A1869100707DBE /* AppDelegate.swift */; };
		4608157129A1869100707DBE /* SceneDelegate.swift in Sources */ = {isa = PBXBuildFile; fileRef = 4608157029A1869100707DBE /* SceneDelegate.swift */; };
		4608157329A1869100707DBE /* ViewController.swift in Sources */ = {isa = PBXBuildFile; fileRef = 4608157229A1869100707DBE /* ViewController.swift */; };
		4608157629A1869100707DBE /* Main.storyboard in Resources */ = {isa = PBXBuildFile; fileRef = 4608157429A1869100707DBE /* Main.storyboard */; };
		4608157829A1869200707DBE /* Assets.xcassets in Resources */ = {isa = PBXBuildFile; fileRef = 4608157729A1869200707DBE /* Assets.xcassets */; };
		4608157B29A1869200707DBE /* LaunchScreen.storyboard in Resources */ = {isa = PBXBuildFile; fileRef = 4608157929A1869200707DBE /* LaunchScreen.storyboard */; };
		4608158329A1885D00707DBE /* StockPrice.swift in Sources */ = {isa = PBXBuildFile; fileRef = 4608158229A1885D00707DBE /* StockPrice.swift */; };
		6BA825F6DCFCD91EE3CBCCAE /* Pods_LocalDBUsingRealm.framework in Frameworks */ = {isa = PBXBuildFile; fileRef = 40420348C6D67416C4C336F0 /* Pods_LocalDBUsingRealm.framework */; };
/* End PBXBuildFile section */

/* Begin PBXFileReference section */
		1D97E526C227C60756162F6D /* Pods-LocalDBUsingRealm.debug.xcconfig */ = {isa = PBXFileReference; includeInIndex = 1; lastKnownFileType = text.xcconfig; name = "Pods-LocalDBUsingRealm.debug.xcconfig"; path = "Target Support Files/Pods-LocalDBUsingRealm/Pods-LocalDBUsingRealm.debug.xcconfig"; sourceTree = "<group>"; };
		40420348C6D67416C4C336F0 /* Pods_LocalDBUsingRealm.framework */ = {isa = PBXFileReference; explicitFileType = wrapper.framework; includeInIndex = 0; path = Pods_LocalDBUsingRealm.framework; sourceTree = BUILT_PRODUCTS_DIR; };
		4608156B29A1869100707DBE /* LocalDBUsingRealm.app */ = {isa = PBXFileReference; explicitFileType = wrapper.application; includeInIndex = 0; path = LocalDBUsingRealm.app; sourceTree = BUILT_PRODUCTS_DIR; };
		4608156E29A1869100707DBE /* AppDelegate.swift */ = {isa = PBXFileReference; lastKnownFileType = sourcecode.swift; path = AppDelegate.swift; sourceTree = "<group>"; };
		4608157029A1869100707DBE /* SceneDelegate.swift */ = {isa = PBXFileReference; lastKnownFileType = sourcecode.swift; path = SceneDelegate.swift; sourceTree = "<group>"; };
		4608157229A1869100707DBE /* ViewController.swift */ = {isa = PBXFileReference; lastKnownFileType = sourcecode.swift; path = ViewController.swift; sourceTree = "<group>"; };
		4608157529A1869100707DBE /* Base */ = {isa = PBXFileReference; lastKnownFileType = file.storyboard; name = Base; path = Base.lproj/Main.storyboard; sourceTree = "<group>"; };
		4608157729A1869200707DBE /* Assets.xcassets */ = {isa = PBXFileReference; lastKnownFileType = folder.assetcatalog; path = Assets.xcassets; sourceTree = "<group>"; };
		4608157A29A1869200707DBE /* Base */ = {isa = PBXFileReference; lastKnownFileType = file.storyboard; name = Base; path = Base.lproj/LaunchScreen.storyboard; sourceTree = "<group>"; };
		4608157C29A1869200707DBE /* Info.plist */ = {isa = PBXFileReference; lastKnownFileType = text.plist.xml; path = Info.plist; sourceTree = "<group>"; };
		4608158229A1885D00707DBE /* StockPrice.swift */ = {isa = PBXFileReference; lastKnownFileType = sourcecode.swift; path = StockPrice.swift; sourceTree = "<group>"; };
		6733B0DE47B2383E8BA5B1E2 /* Pods-LocalDBUsingRealm.release.xcconfig */ = {isa = PBXFileReference; includeInIndex = 1; lastKnownFileType = text.xcconfig; name = "Pods-LocalDBUsingRealm.release.xcconfig"; path = "Target Support Files/Pods-LocalDBUsingRealm/Pods-LocalDBUsingRealm.release.xcconfig"; sourceTree = "<group>"; };
/* End PBXFileReference section */

/* Begin PBXFrameworksBuildPhase section */
		4608156829A1869100707DBE /* Frameworks */ = {
			isa = PBXFrameworksBuildPhase;
			buildActionMask = 2147483647;
			files = (
				6BA825F6DCFCD91EE3CBCCAE /* Pods_LocalDBUsingRealm.framework in Frameworks */,
			);
			runOnlyForDeploymentPostprocessing = 0;
		};
/* End PBXFrameworksBuildPhase section */

/* Begin PBXGroup section */
		3C932E8B8D3E102D69E8A290 /* Pods */ = {
			isa = PBXGroup;
			children = (
				1D97E526C227C60756162F6D /* Pods-LocalDBUsingRealm.debug.xcconfig */,
				6733B0DE47B2383E8BA5B1E2 /* Pods-LocalDBUsingRealm.release.xcconfig */,
			);
			path = Pods;
			sourceTree = "<group>";
		};
		4608156229A1869100707DBE = {
			isa = PBXGroup;
			children = (
				4608156D29A1869100707DBE /* LocalDBUsingRealm */,
				4608156C29A1869100707DBE /* Products */,
				3C932E8B8D3E102D69E8A290 /* Pods */,
				5257F4642A0E98F71DD6610A /* Frameworks */,
			);
			sourceTree = "<group>";
		};
		4608156C29A1869100707DBE /* Products */ = {
			isa = PBXGroup;
			children = (
				4608156B29A1869100707DBE /* LocalDBUsingRealm.app */,
			);
			name = Products;
			sourceTree = "<group>";
		};
		4608156D29A1869100707DBE /* LocalDBUsingRealm */ = {
			isa = PBXGroup;
			children = (
				4608156E29A1869100707DBE /* AppDelegate.swift */,
				4608157029A1869100707DBE /* SceneDelegate.swift */,
				4608157229A1869100707DBE /* ViewController.swift */,
				4608157429A1869100707DBE /* Main.storyboard */,
				4608157729A1869200707DBE /* Assets.xcassets */,
				4608157929A1869200707DBE /* LaunchScreen.storyboard */,
				4608157C29A1869200707DBE /* Info.plist */,
				4608158229A1885D00707DBE /* StockPrice.swift */,
			);
			path = LocalDBUsingRealm;
			sourceTree = "<group>";
		};
		5257F4642A0E98F71DD6610A /* Frameworks */ = {
			isa = PBXGroup;
			children = (
				40420348C6D67416C4C336F0 /* Pods_LocalDBUsingRealm.framework */,
			);
			name = Frameworks;
			sourceTree = "<group>";
		};
/* End PBXGroup section */

/* Begin PBXNativeTarget section */
		4608156A29A1869100707DBE /* LocalDBUsingRealm */ = {
			isa = PBXNativeTarget;
			buildConfigurationList = 4608157F29A1869200707DBE /* Build configuration list for PBXNativeTarget "LocalDBUsingRealm" */;
			buildPhases = (
				D577A90B6A3D9B21C1BF0542 /* [CP] Check Pods Manifest.lock */,
				4608156729A1869100707DBE /* Sources */,
				4608156829A1869100707DBE /* Frameworks */,
				4608156929A1869100707DBE /* Resources */,
				D0694178D49BD4CD2C5EDF22 /* [CP] Embed Pods Frameworks */,
			);
			buildRules = (
			);
			dependencies = (
			);
			name = LocalDBUsingRealm;
			productName = LocalDBUsingRealm;
			productReference = 4608156B29A1869100707DBE /* LocalDBUsingRealm.app */;
			productType = "com.apple.product-type.application";
		};
/* End PBXNativeTarget section */

/* Begin PBXProject section */
		4608156329A1869100707DBE /* Project object */ = {
			isa = PBXProject;
			attributes = {
				BuildIndependentTargetsInParallel = 1;
				LastSwiftUpdateCheck = 1420;
				LastUpgradeCheck = 1420;
				TargetAttributes = {
					4608156A29A1869100707DBE = {
						CreatedOnToolsVersion = 14.2;
					};
				};
			};
			buildConfigurationList = 4608156629A1869100707DBE /* Build configuration list for PBXProject "LocalDBUsingRealm" */;
			compatibilityVersion = "Xcode 14.0";
			developmentRegion = en;
			hasScannedForEncodings = 0;
			knownRegions = (
				en,
				Base,
			);
			mainGroup = 4608156229A1869100707DBE;
			productRefGroup = 4608156C29A1869100707DBE /* Products */;
			projectDirPath = "";
			projectRoot = "";
			targets = (
				4608156A29A1869100707DBE /* LocalDBUsingRealm */,
			);
		};
/* End PBXProject section */

/* Begin PBXResourcesBuildPhase section */
		4608156929A1869100707DBE /* Resources */ = {
			isa = PBXResourcesBuildPhase;
			buildActionMask = 2147483647;
			files = (
				4608157B29A1869200707DBE /* LaunchScreen.storyboard in Resources */,
				4608157829A1869200707DBE /* Assets.xcassets in Resources */,
				4608157629A1869100707DBE /* Main.storyboard in Resources */,
			);
			runOnlyForDeploymentPostprocessing = 0;
		};
/* End PBXResourcesBuildPhase section */

/* Begin PBXShellScriptBuildPhase section */
		D0694178D49BD4CD2C5EDF22 /* [CP] Embed Pods Frameworks */ = {
			isa = PBXShellScriptBuildPhase;
			buildActionMask = 2147483647;
			files = (
			);
			inputFileListPaths = (
				"${PODS_ROOT}/Target Support Files/Pods-LocalDBUsingRealm/Pods-LocalDBUsingRealm-frameworks-${CONFIGURATION}-input-files.xcfilelist",
			);
			name = "[CP] Embed Pods Frameworks";
			outputFileListPaths = (
				"${PODS_ROOT}/Target Support Files/Pods-LocalDBUsingRealm/Pods-LocalDBUsingRealm-frameworks-${CONFIGURATION}-output-files.xcfilelist",
			);
			runOnlyForDeploymentPostprocessing = 0;
			shellPath = /bin/sh;
			shellScript = "\"${PODS_ROOT}/Target Support Files/Pods-LocalDBUsingRealm/Pods-LocalDBUsingRealm-frameworks.sh\"\n";
			showEnvVarsInLog = 0;
		};
		D577A90B6A3D9B21C1BF0542 /* [CP] Check Pods Manifest.lock */ = {
			isa = PBXShellScriptBuildPhase;
			buildActionMask = 2147483647;
			files = (
			);
			inputFileListPaths = (
			);
			inputPaths = (
				"${PODS_PODFILE_DIR_PATH}/Podfile.lock",
				"${PODS_ROOT}/Manifest.lock",
			);
			name = "[CP] Check Pods Manifest.lock";
			outputFileListPaths = (
			);
			outputPaths = (
				"$(DERIVED_FILE_DIR)/Pods-LocalDBUsingRealm-checkManifestLockResult.txt",
			);
			runOnlyForDeploymentPostprocessing = 0;
			shellPath = /bin/sh;
			shellScript = "diff \"${PODS_PODFILE_DIR_PATH}/Podfile.lock\" \"${PODS_ROOT}/Manifest.lock\" > /dev/null\nif [ $? != 0 ] ; then\n    # print error to STDERR\n    echo \"error: The sandbox is not in sync with the Podfile.lock. Run 'pod install' or update your CocoaPods installation.\" >&2\n    exit 1\nfi\n# This output is used by Xcode 'outputs' to avoid re-running this script phase.\necho \"SUCCESS\" > \"${SCRIPT_OUTPUT_FILE_0}\"\n";
			showEnvVarsInLog = 0;
		};
/* End PBXShellScriptBuildPhase section */

/* Begin PBXSourcesBuildPhase section */
		4608156729A1869100707DBE /* Sources */ = {
			isa = PBXSourcesBuildPhase;
			buildActionMask = 2147483647;
			files = (
				4608157329A1869100707DBE /* ViewController.swift in Sources */,
				4608156F29A1869100707DBE /* AppDelegate.swift in Sources */,
				4608158329A1885D00707DBE /* StockPrice.swift in Sources */,
				4608157129A1869100707DBE /* SceneDelegate.swift in Sources */,
			);
			runOnlyForDeploymentPostprocessing = 0;
		};
/* End PBXSourcesBuildPhase section */

/* Begin PBXVariantGroup section */
		4608157429A1869100707DBE /* Main.storyboard */ = {
			isa = PBXVariantGroup;
			children = (
				4608157529A1869100707DBE /* Base */,
			);
			name = Main.storyboard;
			sourceTree = "<group>";
		};
		4608157929A1869200707DBE /* LaunchScreen.storyboard */ = {
			isa = PBXVariantGroup;
			children = (
				4608157A29A1869200707DBE /* Base */,
			);
			name = LaunchScreen.storyboard;
			sourceTree = "<group>";
		};
/* End PBXVariantGroup section */

/* Begin XCBuildConfiguration section */
		4608157D29A1869200707DBE /* Debug */ = {
			isa = XCBuildConfiguration;
			buildSettings = {
				ALWAYS_SEARCH_USER_PATHS = NO;
				CLANG_ANALYZER_NONNULL = YES;
				CLANG_ANALYZER_NUMBER_OBJECT_CONVERSION = YES_AGGRESSIVE;
				CLANG_CXX_LANGUAGE_STANDARD = "gnu++20";
				CLANG_ENABLE_MODULES = YES;
				CLANG_ENABLE_OBJC_ARC = YES;
				CLANG_ENABLE_OBJC_WEAK = YES;
				CLANG_WARN_BLOCK_CAPTURE_AUTORELEASING = YES;
				CLANG_WARN_BOOL_CONVERSION = YES;
				CLANG_WARN_COMMA = YES;
				CLANG_WARN_CONSTANT_CONVERSION = YES;
				CLANG_WARN_DEPRECATED_OBJC_IMPLEMENTATIONS = YES;
				CLANG_WARN_DIRECT_OBJC_ISA_USAGE = YES_ERROR;
				CLANG_WARN_DOCUMENTATION_COMMENTS = YES;
				CLANG_WARN_EMPTY_BODY = YES;
				CLANG_WARN_ENUM_CONVERSION = YES;
				CLANG_WARN_INFINITE_RECURSION = YES;
				CLANG_WARN_INT_CONVERSION = YES;
				CLANG_WARN_NON_LITERAL_NULL_CONVERSION = YES;
				CLANG_WARN_OBJC_IMPLICIT_RETAIN_SELF = YES;
				CLANG_WARN_OBJC_LITERAL_CONVERSION = YES;
				CLANG_WARN_OBJC_ROOT_CLASS = YES_ERROR;
				CLANG_WARN_QUOTED_INCLUDE_IN_FRAMEWORK_HEADER = YES;
				CLANG_WARN_RANGE_LOOP_ANALYSIS = YES;
				CLANG_WARN_STRICT_PROTOTYPES = YES;
				CLANG_WARN_SUSPICIOUS_MOVE = YES;
				CLANG_WARN_UNGUARDED_AVAILABILITY = YES_AGGRESSIVE;
				CLANG_WARN_UNREACHABLE_CODE = YES;
				CLANG_WARN__DUPLICATE_METHOD_MATCH = YES;
				COPY_PHASE_STRIP = NO;
				DEBUG_INFORMATION_FORMAT = dwarf;
				ENABLE_STRICT_OBJC_MSGSEND = YES;
				ENABLE_TESTABILITY = YES;
				GCC_C_LANGUAGE_STANDARD = gnu11;
				GCC_DYNAMIC_NO_PIC = NO;
				GCC_NO_COMMON_BLOCKS = YES;
				GCC_OPTIMIZATION_LEVEL = 0;
				GCC_PREPROCESSOR_DEFINITIONS = (
					"DEBUG=1",
					"$(inherited)",
				);
				GCC_WARN_64_TO_32_BIT_CONVERSION = YES;
				GCC_WARN_ABOUT_RETURN_TYPE = YES_ERROR;
				GCC_WARN_UNDECLARED_SELECTOR = YES;
				GCC_WARN_UNINITIALIZED_AUTOS = YES_AGGRESSIVE;
				GCC_WARN_UNUSED_FUNCTION = YES;
				GCC_WARN_UNUSED_VARIABLE = YES;
				IPHONEOS_DEPLOYMENT_TARGET = 16.2;
				MTL_ENABLE_DEBUG_INFO = INCLUDE_SOURCE;
				MTL_FAST_MATH = YES;
				ONLY_ACTIVE_ARCH = YES;
				SDKROOT = iphoneos;
				SWIFT_ACTIVE_COMPILATION_CONDITIONS = DEBUG;
				SWIFT_OPTIMIZATION_LEVEL = "-Onone";
			};
			name = Debug;
		};
		4608157E29A1869200707DBE /* Release */ = {
			isa = XCBuildConfiguration;
			buildSettings = {
				ALWAYS_SEARCH_USER_PATHS = NO;
				CLANG_ANALYZER_NONNULL = YES;
				CLANG_ANALYZER_NUMBER_OBJECT_CONVERSION = YES_AGGRESSIVE;
				CLANG_CXX_LANGUAGE_STANDARD = "gnu++20";
				CLANG_ENABLE_MODULES = YES;
				CLANG_ENABLE_OBJC_ARC = YES;
				CLANG_ENABLE_OBJC_WEAK = YES;
				CLANG_WARN_BLOCK_CAPTURE_AUTORELEASING = YES;
				CLANG_WARN_BOOL_CONVERSION = YES;
				CLANG_WARN_COMMA = YES;
				CLANG_WARN_CONSTANT_CONVERSION = YES;
				CLANG_WARN_DEPRECATED_OBJC_IMPLEMENTATIONS = YES;
				CLANG_WARN_DIRECT_OBJC_ISA_USAGE = YES_ERROR;
				CLANG_WARN_DOCUMENTATION_COMMENTS = YES;
				CLANG_WARN_EMPTY_BODY = YES;
				CLANG_WARN_ENUM_CONVERSION = YES;
				CLANG_WARN_INFINITE_RECURSION = YES;
				CLANG_WARN_INT_CONVERSION = YES;
				CLANG_WARN_NON_LITERAL_NULL_CONVERSION = YES;
				CLANG_WARN_OBJC_IMPLICIT_RETAIN_SELF = YES;
				CLANG_WARN_OBJC_LITERAL_CONVERSION = YES;
				CLANG_WARN_OBJC_ROOT_CLASS = YES_ERROR;
				CLANG_WARN_QUOTED_INCLUDE_IN_FRAMEWORK_HEADER = YES;
				CLANG_WARN_RANGE_LOOP_ANALYSIS = YES;
				CLANG_WARN_STRICT_PROTOTYPES = YES;
				CLANG_WARN_SUSPICIOUS_MOVE = YES;
				CLANG_WARN_UNGUARDED_AVAILABILITY = YES_AGGRESSIVE;
				CLANG_WARN_UNREACHABLE_CODE = YES;
				CLANG_WARN__DUPLICATE_METHOD_MATCH = YES;
				COPY_PHASE_STRIP = NO;
				DEBUG_INFORMATION_FORMAT = "dwarf-with-dsym";
				ENABLE_NS_ASSERTIONS = NO;
				ENABLE_STRICT_OBJC_MSGSEND = YES;
				GCC_C_LANGUAGE_STANDARD = gnu11;
				GCC_NO_COMMON_BLOCKS = YES;
				GCC_WARN_64_TO_32_BIT_CONVERSION = YES;
				GCC_WARN_ABOUT_RETURN_TYPE = YES_ERROR;
				GCC_WARN_UNDECLARED_SELECTOR = YES;
				GCC_WARN_UNINITIALIZED_AUTOS = YES_AGGRESSIVE;
				GCC_WARN_UNUSED_FUNCTION = YES;
				GCC_WARN_UNUSED_VARIABLE = YES;
				IPHONEOS_DEPLOYMENT_TARGET = 16.2;
				MTL_ENABLE_DEBUG_INFO = NO;
				MTL_FAST_MATH = YES;
				SDKROOT = iphoneos;
				SWIFT_COMPILATION_MODE = wholemodule;
				SWIFT_OPTIMIZATION_LEVEL = "-O";
				VALIDATE_PRODUCT = YES;
			};
			name = Release;
		};
		4608158029A1869200707DBE /* Debug */ = {
			isa = XCBuildConfiguration;
			baseConfigurationReference = 1D97E526C227C60756162F6D /* Pods-LocalDBUsingRealm.debug.xcconfig */;
			buildSettings = {
				ASSETCATALOG_COMPILER_APPICON_NAME = AppIcon;
				ASSETCATALOG_COMPILER_GLOBAL_ACCENT_COLOR_NAME = AccentColor;
				CODE_SIGN_STYLE = Automatic;
				CURRENT_PROJECT_VERSION = 1;
				DEVELOPMENT_TEAM = DJQS9YSS64;
				GENERATE_INFOPLIST_FILE = YES;
				INFOPLIST_FILE = LocalDBUsingRealm/Info.plist;
				INFOPLIST_KEY_UIApplicationSupportsIndirectInputEvents = YES;
				INFOPLIST_KEY_UILaunchStoryboardName = LaunchScreen;
				INFOPLIST_KEY_UIMainStoryboardFile = Main;
				INFOPLIST_KEY_UISupportedInterfaceOrientations_iPad = "UIInterfaceOrientationPortrait UIInterfaceOrientationPortraitUpsideDown UIInterfaceOrientationLandscapeLeft UIInterfaceOrientationLandscapeRight";
				INFOPLIST_KEY_UISupportedInterfaceOrientations_iPhone = "UIInterfaceOrientationPortrait UIInterfaceOrientationLandscapeLeft UIInterfaceOrientationLandscapeRight";
				LD_RUNPATH_SEARCH_PATHS = (
					"$(inherited)",
					"@executable_path/Frameworks",
				);
				MARKETING_VERSION = 1.0;
				PRODUCT_BUNDLE_IDENTIFIER = edu.northeastern.ashish.LocalDBUsingRealm;
				PRODUCT_NAME = "$(TARGET_NAME)";
				SWIFT_EMIT_LOC_STRINGS = YES;
				SWIFT_VERSION = 5.0;
				TARGETED_DEVICE_FAMILY = "1,2";
			};
			name = Debug;
		};
		4608158129A1869200707DBE /* Release */ = {
			isa = XCBuildConfiguration;
			baseConfigurationReference = 6733B0DE47B2383E8BA5B1E2 /* Pods-LocalDBUsingRealm.release.xcconfig */;
			buildSettings = {
				ASSETCATALOG_COMPILER_APPICON_NAME = AppIcon;
				ASSETCATALOG_COMPILER_GLOBAL_ACCENT_COLOR_NAME = AccentColor;
				CODE_SIGN_STYLE = Automatic;
				CURRENT_PROJECT_VERSION = 1;
				DEVELOPMENT_TEAM = DJQS9YSS64;
				GENERATE_INFOPLIST_FILE = YES;
				INFOPLIST_FILE = LocalDBUsingRealm/Info.plist;
				INFOPLIST_KEY_UIApplicationSupportsIndirectInputEvents = YES;
				INFOPLIST_KEY_UILaunchStoryboardName = LaunchScreen;
				INFOPLIST_KEY_UIMainStoryboardFile = Main;
				INFOPLIST_KEY_UISupportedInterfaceOrientations_iPad = "UIInterfaceOrientationPortrait UIInterfaceOrientationPortraitUpsideDown UIInterfaceOrientationLandscapeLeft UIInterfaceOrientationLandscapeRight";
				INFOPLIST_KEY_UISupportedInterfaceOrientations_iPhone = "UIInterfaceOrientationPortrait UIInterfaceOrientationLandscapeLeft UIInterfaceOrientationLandscapeRight";
				LD_RUNPATH_SEARCH_PATHS = (
					"$(inherited)",
					"@executable_path/Frameworks",
				);
				MARKETING_VERSION = 1.0;
				PRODUCT_BUNDLE_IDENTIFIER = edu.northeastern.ashish.LocalDBUsingRealm;
				PRODUCT_NAME = "$(TARGET_NAME)";
				SWIFT_EMIT_LOC_STRINGS = YES;
				SWIFT_VERSION = 5.0;
				TARGETED_DEVICE_FAMILY = "1,2";
			};
			name = Release;
		};
/* End XCBuildConfiguration section */

/* Begin XCConfigurationList section */
		4608156629A1869100707DBE /* Build configuration list for PBXProject "LocalDBUsingRealm" */ = {
			isa = XCConfigurationList;
			buildConfigurations = (
				4608157D29A1869200707DBE /* Debug */,
				4608157E29A1869200707DBE /* Release */,
			);
			defaultConfigurationIsVisible = 0;
			defaultConfigurationName = Release;
		};
		4608157F29A1869200707DBE /* Build configuration list for PBXNativeTarget "LocalDBUsingRealm" */ = {
			isa = XCConfigurationList;
			buildConfigurations = (
				4608158029A1869200707DBE /* Debug */,
				4608158129A1869200707DBE /* Release */,
			);
			defaultConfigurationIsVisible = 0;
			defaultConfigurationName = Release;
		};
/* End XCConfigurationList section */
	};
	rootObject = 4608156329A1869100707DBE /* Project object */;
}
