// !$*UTF8*$!
{
	archiveVersion = 1;
	classes = {
	};
	objectVersion = 56;
	objects = {

/* Begin PBXBuildFile section */
		46CB7D0429E2120C004946F9 /* AppDelegate.swift in Sources */ = {isa = PBXBuildFile; fileRef = 46CB7D0329E2120C004946F9 /* AppDelegate.swift */; };
		46CB7D0629E2120C004946F9 /* SceneDelegate.swift in Sources */ = {isa = PBXBuildFile; fileRef = 46CB7D0529E2120C004946F9 /* SceneDelegate.swift */; };
		46CB7D0829E2120C004946F9 /* ViewController.swift in Sources */ = {isa = PBXBuildFile; fileRef = 46CB7D0729E2120C004946F9 /* ViewController.swift */; };
		46CB7D0B29E2120C004946F9 /* Main.storyboard in Resources */ = {isa = PBXBuildFile; fileRef = 46CB7D0929E2120C004946F9 /* Main.storyboard */; };
		46CB7D0D29E2120D004946F9 /* Assets.xcassets in Resources */ = {isa = PBXBuildFile; fileRef = 46CB7D0C29E2120D004946F9 /* Assets.xcassets */; };
		46CB7D1029E2120D004946F9 /* LaunchScreen.storyboard in Resources */ = {isa = PBXBuildFile; fileRef = 46CB7D0E29E2120D004946F9 /* LaunchScreen.storyboard */; };
		46CB7D1829E21615004946F9 /* GoogleService-Info.plist in Resources */ = {isa = PBXBuildFile; fileRef = 46CB7D1729E21606004946F9 /* GoogleService-Info.plist */; };
		46CB7D1B29E22603004946F9 /* StringUtilities.swift in Sources */ = {isa = PBXBuildFile; fileRef = 46CB7D1A29E22603004946F9 /* StringUtilities.swift */; };
		46CB7D1D29E22670004946F9 /* KeychainService.swift in Sources */ = {isa = PBXBuildFile; fileRef = 46CB7D1C29E22670004946F9 /* KeychainService.swift */; };
		46CB7D2329E22879004946F9 /* HomeViewController.swift in Sources */ = {isa = PBXBuildFile; fileRef = 46CB7D2229E22879004946F9 /* HomeViewController.swift */; };
		46CB7D2529E228A4004946F9 /* AddPictureViewController.swift in Sources */ = {isa = PBXBuildFile; fileRef = 46CB7D2429E228A4004946F9 /* AddPictureViewController.swift */; };
		46CB7D2729E228D0004946F9 /* ProfileViewController.swift in Sources */ = {isa = PBXBuildFile; fileRef = 46CB7D2629E228D0004946F9 /* ProfileViewController.swift */; };
		46CB7D2929E228FD004946F9 /* SearchViewController.swift in Sources */ = {isa = PBXBuildFile; fileRef = 46CB7D2829E228FD004946F9 /* SearchViewController.swift */; };
		7F2C5206C6F971273C1981D5 /* Pods_InstaPicture.framework in Frameworks */ = {isa = PBXBuildFile; fileRef = A655EA9886A95D428DEC9A4E /* Pods_InstaPicture.framework */; };
/* End PBXBuildFile section */

/* Begin PBXFileReference section */
		2F11DC602565E49654B73018 /* Pods-InstaPicture.debug.xcconfig */ = {isa = PBXFileReference; includeInIndex = 1; lastKnownFileType = text.xcconfig; name = "Pods-InstaPicture.debug.xcconfig"; path = "Target Support Files/Pods-InstaPicture/Pods-InstaPicture.debug.xcconfig"; sourceTree = "<group>"; };
		46CB7D0029E2120C004946F9 /* InstaPicture.app */ = {isa = PBXFileReference; explicitFileType = wrapper.application; includeInIndex = 0; path = InstaPicture.app; sourceTree = BUILT_PRODUCTS_DIR; };
		46CB7D0329E2120C004946F9 /* AppDelegate.swift */ = {isa = PBXFileReference; lastKnownFileType = sourcecode.swift; path = AppDelegate.swift; sourceTree = "<group>"; };
		46CB7D0529E2120C004946F9 /* SceneDelegate.swift */ = {isa = PBXFileReference; lastKnownFileType = sourcecode.swift; path = SceneDelegate.swift; sourceTree = "<group>"; };
		46CB7D0729E2120C004946F9 /* ViewController.swift */ = {isa = PBXFileReference; lastKnownFileType = sourcecode.swift; path = ViewController.swift; sourceTree = "<group>"; };
		46CB7D0A29E2120C004946F9 /* Base */ = {isa = PBXFileReference; lastKnownFileType = file.storyboard; name = Base; path = Base.lproj/Main.storyboard; sourceTree = "<group>"; };
		46CB7D0C29E2120D004946F9 /* Assets.xcassets */ = {isa = PBXFileReference; lastKnownFileType = folder.assetcatalog; path = Assets.xcassets; sourceTree = "<group>"; };
		46CB7D0F29E2120D004946F9 /* Base */ = {isa = PBXFileReference; lastKnownFileType = file.storyboard; name = Base; path = Base.lproj/LaunchScreen.storyboard; sourceTree = "<group>"; };
		46CB7D1129E2120D004946F9 /* Info.plist */ = {isa = PBXFileReference; lastKnownFileType = text.plist.xml; path = Info.plist; sourceTree = "<group>"; };
		46CB7D1729E21606004946F9 /* GoogleService-Info.plist */ = {isa = PBXFileReference; lastKnownFileType = text.plist.xml; path = "GoogleService-Info.plist"; sourceTree = "<group>"; };
		46CB7D1A29E22603004946F9 /* StringUtilities.swift */ = {isa = PBXFileReference; lastKnownFileType = sourcecode.swift; path = StringUtilities.swift; sourceTree = "<group>"; };
		46CB7D1C29E22670004946F9 /* KeychainService.swift */ = {isa = PBXFileReference; lastKnownFileType = sourcecode.swift; path = KeychainService.swift; sourceTree = "<group>"; };
		46CB7D2229E22879004946F9 /* HomeViewController.swift */ = {isa = PBXFileReference; lastKnownFileType = sourcecode.swift; path = HomeViewController.swift; sourceTree = "<group>"; };
		46CB7D2429E228A4004946F9 /* AddPictureViewController.swift */ = {isa = PBXFileReference; lastKnownFileType = sourcecode.swift; path = AddPictureViewController.swift; sourceTree = "<group>"; };
		46CB7D2629E228D0004946F9 /* ProfileViewController.swift */ = {isa = PBXFileReference; lastKnownFileType = sourcecode.swift; path = ProfileViewController.swift; sourceTree = "<group>"; };
		46CB7D2829E228FD004946F9 /* SearchViewController.swift */ = {isa = PBXFileReference; lastKnownFileType = sourcecode.swift; path = SearchViewController.swift; sourceTree = "<group>"; };
		A655EA9886A95D428DEC9A4E /* Pods_InstaPicture.framework */ = {isa = PBXFileReference; explicitFileType = wrapper.framework; includeInIndex = 0; path = Pods_InstaPicture.framework; sourceTree = BUILT_PRODUCTS_DIR; };
		E787A2F00D9427196BEE656C /* Pods-InstaPicture.release.xcconfig */ = {isa = PBXFileReference; includeInIndex = 1; lastKnownFileType = text.xcconfig; name = "Pods-InstaPicture.release.xcconfig"; path = "Target Support Files/Pods-InstaPicture/Pods-InstaPicture.release.xcconfig"; sourceTree = "<group>"; };
/* End PBXFileReference section */

/* Begin PBXFrameworksBuildPhase section */
		46CB7CFD29E2120C004946F9 /* Frameworks */ = {
			isa = PBXFrameworksBuildPhase;
			buildActionMask = 2147483647;
			files = (
				7F2C5206C6F971273C1981D5 /* Pods_InstaPicture.framework in Frameworks */,
			);
			runOnlyForDeploymentPostprocessing = 0;
		};
/* End PBXFrameworksBuildPhase section */

/* Begin PBXGroup section */
		09EA411ED8B7CEE570733AA9 /* Pods */ = {
			isa = PBXGroup;
			children = (
				2F11DC602565E49654B73018 /* Pods-InstaPicture.debug.xcconfig */,
				E787A2F00D9427196BEE656C /* Pods-InstaPicture.release.xcconfig */,
			);
			path = Pods;
			sourceTree = "<group>";
		};
		46CB7CF729E2120B004946F9 = {
			isa = PBXGroup;
			children = (
				46CB7D0229E2120C004946F9 /* InstaPicture */,
				46CB7D0129E2120C004946F9 /* Products */,
				09EA411ED8B7CEE570733AA9 /* Pods */,
				EEC44F22200C9B6A8E2A13ED /* Frameworks */,
			);
			sourceTree = "<group>";
		};
		46CB7D0129E2120C004946F9 /* Products */ = {
			isa = PBXGroup;
			children = (
				46CB7D0029E2120C004946F9 /* InstaPicture.app */,
			);
			name = Products;
			sourceTree = "<group>";
		};
		46CB7D0229E2120C004946F9 /* InstaPicture */ = {
			isa = PBXGroup;
			children = (
				46CB7D2029E227F6004946F9 /* Controller */,
				46CB7D1F29E227F0004946F9 /* View */,
				46CB7D1E29E227EA004946F9 /* Model */,
				46CB7D1929E225F1004946F9 /* Utilities */,
				46CB7D0329E2120C004946F9 /* AppDelegate.swift */,
				46CB7D0529E2120C004946F9 /* SceneDelegate.swift */,
				46CB7D0C29E2120D004946F9 /* Assets.xcassets */,
				46CB7D0E29E2120D004946F9 /* LaunchScreen.storyboard */,
				46CB7D1129E2120D004946F9 /* Info.plist */,
				46CB7D1729E21606004946F9 /* GoogleService-Info.plist */,
			);
			path = InstaPicture;
			sourceTree = "<group>";
		};
		46CB7D1929E225F1004946F9 /* Utilities */ = {
			isa = PBXGroup;
			children = (
				46CB7D1A29E22603004946F9 /* StringUtilities.swift */,
				46CB7D1C29E22670004946F9 /* KeychainService.swift */,
			);
			path = Utilities;
			sourceTree = "<group>";
		};
		46CB7D1E29E227EA004946F9 /* Model */ = {
			isa = PBXGroup;
			children = (
			);
			path = Model;
			sourceTree = "<group>";
		};
		46CB7D1F29E227F0004946F9 /* View */ = {
			isa = PBXGroup;
			children = (
				46CB7D0929E2120C004946F9 /* Main.storyboard */,
			);
			path = View;
			sourceTree = "<group>";
		};
		46CB7D2029E227F6004946F9 /* Controller */ = {
			isa = PBXGroup;
			children = (
				46CB7D0729E2120C004946F9 /* ViewController.swift */,
				46CB7D2229E22879004946F9 /* HomeViewController.swift */,
				46CB7D2429E228A4004946F9 /* AddPictureViewController.swift */,
				46CB7D2629E228D0004946F9 /* ProfileViewController.swift */,
				46CB7D2829E228FD004946F9 /* SearchViewController.swift */,
			);
			path = Controller;
			sourceTree = "<group>";
		};
		EEC44F22200C9B6A8E2A13ED /* Frameworks */ = {
			isa = PBXGroup;
			children = (
				A655EA9886A95D428DEC9A4E /* Pods_InstaPicture.framework */,
			);
			name = Frameworks;
			sourceTree = "<group>";
		};
/* End PBXGroup section */

/* Begin PBXNativeTarget section */
		46CB7CFF29E2120C004946F9 /* InstaPicture */ = {
			isa = PBXNativeTarget;
			buildConfigurationList = 46CB7D1429E2120D004946F9 /* Build configuration list for PBXNativeTarget "InstaPicture" */;
			buildPhases = (
				1CA1542E73742A81098A1DD0 /* [CP] Check Pods Manifest.lock */,
				46CB7CFC29E2120C004946F9 /* Sources */,
				46CB7CFD29E2120C004946F9 /* Frameworks */,
				46CB7CFE29E2120C004946F9 /* Resources */,
				A5F5163DA716E6F13D324681 /* [CP] Embed Pods Frameworks */,
			);
			buildRules = (
			);
			dependencies = (
			);
			name = InstaPicture;
			productName = InstaPicture;
			productReference = 46CB7D0029E2120C004946F9 /* InstaPicture.app */;
			productType = "com.apple.product-type.application";
		};
/* End PBXNativeTarget section */

/* Begin PBXProject section */
		46CB7CF829E2120B004946F9 /* Project object */ = {
			isa = PBXProject;
			attributes = {
				BuildIndependentTargetsInParallel = 1;
				LastSwiftUpdateCheck = 1430;
				LastUpgradeCheck = 1430;
				TargetAttributes = {
					46CB7CFF29E2120C004946F9 = {
						CreatedOnToolsVersion = 14.3;
					};
				};
			};
			buildConfigurationList = 46CB7CFB29E2120B004946F9 /* Build configuration list for PBXProject "InstaPicture" */;
			compatibilityVersion = "Xcode 14.0";
			developmentRegion = en;
			hasScannedForEncodings = 0;
			knownRegions = (
				en,
				Base,
			);
			mainGroup = 46CB7CF729E2120B004946F9;
			productRefGroup = 46CB7D0129E2120C004946F9 /* Products */;
			projectDirPath = "";
			projectRoot = "";
			targets = (
				46CB7CFF29E2120C004946F9 /* InstaPicture */,
			);
		};
/* End PBXProject section */

/* Begin PBXResourcesBuildPhase section */
		46CB7CFE29E2120C004946F9 /* Resources */ = {
			isa = PBXResourcesBuildPhase;
			buildActionMask = 2147483647;
			files = (
				46CB7D1029E2120D004946F9 /* LaunchScreen.storyboard in Resources */,
				46CB7D1829E21615004946F9 /* GoogleService-Info.plist in Resources */,
				46CB7D0D29E2120D004946F9 /* Assets.xcassets in Resources */,
				46CB7D0B29E2120C004946F9 /* Main.storyboard in Resources */,
			);
			runOnlyForDeploymentPostprocessing = 0;
		};
/* End PBXResourcesBuildPhase section */

/* Begin PBXShellScriptBuildPhase section */
		1CA1542E73742A81098A1DD0 /* [CP] Check Pods Manifest.lock */ = {
			isa = PBXShellScriptBuildPhase;
			buildActionMask = 2147483647;
			files = (
			);
			inputFileListPaths = (
			);
			inputPaths = (
				"${PODS_PODFILE_DIR_PATH}/Podfile.lock",
				"${PODS_ROOT}/Manifest.lock",
			);
			name = "[CP] Check Pods Manifest.lock";
			outputFileListPaths = (
			);
			outputPaths = (
				"$(DERIVED_FILE_DIR)/Pods-InstaPicture-checkManifestLockResult.txt",
			);
			runOnlyForDeploymentPostprocessing = 0;
			shellPath = /bin/sh;
			shellScript = "diff \"${PODS_PODFILE_DIR_PATH}/Podfile.lock\" \"${PODS_ROOT}/Manifest.lock\" > /dev/null\nif [ $? != 0 ] ; then\n    # print error to STDERR\n    echo \"error: The sandbox is not in sync with the Podfile.lock. Run 'pod install' or update your CocoaPods installation.\" >&2\n    exit 1\nfi\n# This output is used by Xcode 'outputs' to avoid re-running this script phase.\necho \"SUCCESS\" > \"${SCRIPT_OUTPUT_FILE_0}\"\n";
			showEnvVarsInLog = 0;
		};
		A5F5163DA716E6F13D324681 /* [CP] Embed Pods Frameworks */ = {
			isa = PBXShellScriptBuildPhase;
			buildActionMask = 2147483647;
			files = (
			);
			inputFileListPaths = (
				"${PODS_ROOT}/Target Support Files/Pods-InstaPicture/Pods-InstaPicture-frameworks-${CONFIGURATION}-input-files.xcfilelist",
			);
			name = "[CP] Embed Pods Frameworks";
			outputFileListPaths = (
				"${PODS_ROOT}/Target Support Files/Pods-InstaPicture/Pods-InstaPicture-frameworks-${CONFIGURATION}-output-files.xcfilelist",
			);
			runOnlyForDeploymentPostprocessing = 0;
			shellPath = /bin/sh;
			shellScript = "\"${PODS_ROOT}/Target Support Files/Pods-InstaPicture/Pods-InstaPicture-frameworks.sh\"\n";
			showEnvVarsInLog = 0;
		};
/* End PBXShellScriptBuildPhase section */

/* Begin PBXSourcesBuildPhase section */
		46CB7CFC29E2120C004946F9 /* Sources */ = {
			isa = PBXSourcesBuildPhase;
			buildActionMask = 2147483647;
			files = (
				46CB7D0829E2120C004946F9 /* ViewController.swift in Sources */,
				46CB7D2529E228A4004946F9 /* AddPictureViewController.swift in Sources */,
				46CB7D0429E2120C004946F9 /* AppDelegate.swift in Sources */,
				46CB7D2929E228FD004946F9 /* SearchViewController.swift in Sources */,
				46CB7D0629E2120C004946F9 /* SceneDelegate.swift in Sources */,
				46CB7D1D29E22670004946F9 /* KeychainService.swift in Sources */,
				46CB7D1B29E22603004946F9 /* StringUtilities.swift in Sources */,
				46CB7D2729E228D0004946F9 /* ProfileViewController.swift in Sources */,
				46CB7D2329E22879004946F9 /* HomeViewController.swift in Sources */,
			);
			runOnlyForDeploymentPostprocessing = 0;
		};
/* End PBXSourcesBuildPhase section */

/* Begin PBXVariantGroup section */
		46CB7D0929E2120C004946F9 /* Main.storyboard */ = {
			isa = PBXVariantGroup;
			children = (
				46CB7D0A29E2120C004946F9 /* Base */,
			);
			name = Main.storyboard;
			sourceTree = "<group>";
		};
		46CB7D0E29E2120D004946F9 /* LaunchScreen.storyboard */ = {
			isa = PBXVariantGroup;
			children = (
				46CB7D0F29E2120D004946F9 /* Base */,
			);
			name = LaunchScreen.storyboard;
			sourceTree = "<group>";
		};
/* End PBXVariantGroup section */

/* Begin XCBuildConfiguration section */
		46CB7D1229E2120D004946F9 /* Debug */ = {
			isa = XCBuildConfiguration;
			buildSettings = {
				ALWAYS_SEARCH_USER_PATHS = NO;
				CLANG_ANALYZER_NONNULL = YES;
				CLANG_ANALYZER_NUMBER_OBJECT_CONVERSION = YES_AGGRESSIVE;
				CLANG_CXX_LANGUAGE_STANDARD = "gnu++20";
				CLANG_ENABLE_MODULES = YES;
				CLANG_ENABLE_OBJC_ARC = YES;
				CLANG_ENABLE_OBJC_WEAK = YES;
				CLANG_WARN_BLOCK_CAPTURE_AUTORELEASING = YES;
				CLANG_WARN_BOOL_CONVERSION = YES;
				CLANG_WARN_COMMA = YES;
				CLANG_WARN_CONSTANT_CONVERSION = YES;
				CLANG_WARN_DEPRECATED_OBJC_IMPLEMENTATIONS = YES;
				CLANG_WARN_DIRECT_OBJC_ISA_USAGE = YES_ERROR;
				CLANG_WARN_DOCUMENTATION_COMMENTS = YES;
				CLANG_WARN_EMPTY_BODY = YES;
				CLANG_WARN_ENUM_CONVERSION = YES;
				CLANG_WARN_INFINITE_RECURSION = YES;
				CLANG_WARN_INT_CONVERSION = YES;
				CLANG_WARN_NON_LITERAL_NULL_CONVERSION = YES;
				CLANG_WARN_OBJC_IMPLICIT_RETAIN_SELF = YES;
				CLANG_WARN_OBJC_LITERAL_CONVERSION = YES;
				CLANG_WARN_OBJC_ROOT_CLASS = YES_ERROR;
				CLANG_WARN_QUOTED_INCLUDE_IN_FRAMEWORK_HEADER = YES;
				CLANG_WARN_RANGE_LOOP_ANALYSIS = YES;
				CLANG_WARN_STRICT_PROTOTYPES = YES;
				CLANG_WARN_SUSPICIOUS_MOVE = YES;
				CLANG_WARN_UNGUARDED_AVAILABILITY = YES_AGGRESSIVE;
				CLANG_WARN_UNREACHABLE_CODE = YES;
				CLANG_WARN__DUPLICATE_METHOD_MATCH = YES;
				COPY_PHASE_STRIP = NO;
				DEBUG_INFORMATION_FORMAT = dwarf;
				ENABLE_STRICT_OBJC_MSGSEND = YES;
				ENABLE_TESTABILITY = YES;
				GCC_C_LANGUAGE_STANDARD = gnu11;
				GCC_DYNAMIC_NO_PIC = NO;
				GCC_NO_COMMON_BLOCKS = YES;
				GCC_OPTIMIZATION_LEVEL = 0;
				GCC_PREPROCESSOR_DEFINITIONS = (
					"DEBUG=1",
					"$(inherited)",
				);
				GCC_WARN_64_TO_32_BIT_CONVERSION = YES;
				GCC_WARN_ABOUT_RETURN_TYPE = YES_ERROR;
				GCC_WARN_UNDECLARED_SELECTOR = YES;
				GCC_WARN_UNINITIALIZED_AUTOS = YES_AGGRESSIVE;
				GCC_WARN_UNUSED_FUNCTION = YES;
				GCC_WARN_UNUSED_VARIABLE = YES;
				IPHONEOS_DEPLOYMENT_TARGET = 16.2;
				MTL_ENABLE_DEBUG_INFO = INCLUDE_SOURCE;
				MTL_FAST_MATH = YES;
				ONLY_ACTIVE_ARCH = YES;
				SDKROOT = iphoneos;
				SWIFT_ACTIVE_COMPILATION_CONDITIONS = DEBUG;
				SWIFT_OPTIMIZATION_LEVEL = "-Onone";
			};
			name = Debug;
		};
		46CB7D1329E2120D004946F9 /* Release */ = {
			isa = XCBuildConfiguration;
			buildSettings = {
				ALWAYS_SEARCH_USER_PATHS = NO;
				CLANG_ANALYZER_NONNULL = YES;
				CLANG_ANALYZER_NUMBER_OBJECT_CONVERSION = YES_AGGRESSIVE;
				CLANG_CXX_LANGUAGE_STANDARD = "gnu++20";
				CLANG_ENABLE_MODULES = YES;
				CLANG_ENABLE_OBJC_ARC = YES;
				CLANG_ENABLE_OBJC_WEAK = YES;
				CLANG_WARN_BLOCK_CAPTURE_AUTORELEASING = YES;
				CLANG_WARN_BOOL_CONVERSION = YES;
				CLANG_WARN_COMMA = YES;
				CLANG_WARN_CONSTANT_CONVERSION = YES;
				CLANG_WARN_DEPRECATED_OBJC_IMPLEMENTATIONS = YES;
				CLANG_WARN_DIRECT_OBJC_ISA_USAGE = YES_ERROR;
				CLANG_WARN_DOCUMENTATION_COMMENTS = YES;
				CLANG_WARN_EMPTY_BODY = YES;
				CLANG_WARN_ENUM_CONVERSION = YES;
				CLANG_WARN_INFINITE_RECURSION = YES;
				CLANG_WARN_INT_CONVERSION = YES;
				CLANG_WARN_NON_LITERAL_NULL_CONVERSION = YES;
				CLANG_WARN_OBJC_IMPLICIT_RETAIN_SELF = YES;
				CLANG_WARN_OBJC_LITERAL_CONVERSION = YES;
				CLANG_WARN_OBJC_ROOT_CLASS = YES_ERROR;
				CLANG_WARN_QUOTED_INCLUDE_IN_FRAMEWORK_HEADER = YES;
				CLANG_WARN_RANGE_LOOP_ANALYSIS = YES;
				CLANG_WARN_STRICT_PROTOTYPES = YES;
				CLANG_WARN_SUSPICIOUS_MOVE = YES;
				CLANG_WARN_UNGUARDED_AVAILABILITY = YES_AGGRESSIVE;
				CLANG_WARN_UNREACHABLE_CODE = YES;
				CLANG_WARN__DUPLICATE_METHOD_MATCH = YES;
				COPY_PHASE_STRIP = NO;
				DEBUG_INFORMATION_FORMAT = "dwarf-with-dsym";
				ENABLE_NS_ASSERTIONS = NO;
				ENABLE_STRICT_OBJC_MSGSEND = YES;
				GCC_C_LANGUAGE_STANDARD = gnu11;
				GCC_NO_COMMON_BLOCKS = YES;
				GCC_WARN_64_TO_32_BIT_CONVERSION = YES;
				GCC_WARN_ABOUT_RETURN_TYPE = YES_ERROR;
				GCC_WARN_UNDECLARED_SELECTOR = YES;
				GCC_WARN_UNINITIALIZED_AUTOS = YES_AGGRESSIVE;
				GCC_WARN_UNUSED_FUNCTION = YES;
				GCC_WARN_UNUSED_VARIABLE = YES;
				IPHONEOS_DEPLOYMENT_TARGET = 16.2;
				MTL_ENABLE_DEBUG_INFO = NO;
				MTL_FAST_MATH = YES;
				SDKROOT = iphoneos;
				SWIFT_COMPILATION_MODE = wholemodule;
				SWIFT_OPTIMIZATION_LEVEL = "-O";
				VALIDATE_PRODUCT = YES;
			};
			name = Release;
		};
		46CB7D1529E2120D004946F9 /* Debug */ = {
			isa = XCBuildConfiguration;
			baseConfigurationReference = 2F11DC602565E49654B73018 /* Pods-InstaPicture.debug.xcconfig */;
			buildSettings = {
				ASSETCATALOG_COMPILER_APPICON_NAME = AppIcon;
				ASSETCATALOG_COMPILER_GLOBAL_ACCENT_COLOR_NAME = AccentColor;
				CODE_SIGN_STYLE = Automatic;
				CURRENT_PROJECT_VERSION = 1;
				DEVELOPMENT_TEAM = DJQS9YSS64;
				GENERATE_INFOPLIST_FILE = YES;
				INFOPLIST_FILE = InstaPicture/Info.plist;
				INFOPLIST_KEY_UIApplicationSupportsIndirectInputEvents = YES;
				INFOPLIST_KEY_UILaunchStoryboardName = LaunchScreen;
				INFOPLIST_KEY_UIMainStoryboardFile = Main;
				INFOPLIST_KEY_UISupportedInterfaceOrientations_iPad = "UIInterfaceOrientationPortrait UIInterfaceOrientationPortraitUpsideDown UIInterfaceOrientationLandscapeLeft UIInterfaceOrientationLandscapeRight";
				INFOPLIST_KEY_UISupportedInterfaceOrientations_iPhone = "UIInterfaceOrientationPortrait UIInterfaceOrientationLandscapeLeft UIInterfaceOrientationLandscapeRight";
				IPHONEOS_DEPLOYMENT_TARGET = 16.2;
				LD_RUNPATH_SEARCH_PATHS = (
					"$(inherited)",
					"@executable_path/Frameworks",
				);
				MARKETING_VERSION = 1.0;
				PRODUCT_BUNDLE_IDENTIFIER = edu.northeastern.ashish.InstaPicture;
				PRODUCT_NAME = "$(TARGET_NAME)";
				SWIFT_EMIT_LOC_STRINGS = YES;
				SWIFT_VERSION = 5.0;
				TARGETED_DEVICE_FAMILY = "1,2";
			};
			name = Debug;
		};
		46CB7D1629E2120D004946F9 /* Release */ = {
			isa = XCBuildConfiguration;
			baseConfigurationReference = E787A2F00D9427196BEE656C /* Pods-InstaPicture.release.xcconfig */;
			buildSettings = {
				ASSETCATALOG_COMPILER_APPICON_NAME = AppIcon;
				ASSETCATALOG_COMPILER_GLOBAL_ACCENT_COLOR_NAME = AccentColor;
				CODE_SIGN_STYLE = Automatic;
				CURRENT_PROJECT_VERSION = 1;
				DEVELOPMENT_TEAM = DJQS9YSS64;
				GENERATE_INFOPLIST_FILE = YES;
				INFOPLIST_FILE = InstaPicture/Info.plist;
				INFOPLIST_KEY_UIApplicationSupportsIndirectInputEvents = YES;
				INFOPLIST_KEY_UILaunchStoryboardName = LaunchScreen;
				INFOPLIST_KEY_UIMainStoryboardFile = Main;
				INFOPLIST_KEY_UISupportedInterfaceOrientations_iPad = "UIInterfaceOrientationPortrait UIInterfaceOrientationPortraitUpsideDown UIInterfaceOrientationLandscapeLeft UIInterfaceOrientationLandscapeRight";
				INFOPLIST_KEY_UISupportedInterfaceOrientations_iPhone = "UIInterfaceOrientationPortrait UIInterfaceOrientationLandscapeLeft UIInterfaceOrientationLandscapeRight";
				IPHONEOS_DEPLOYMENT_TARGET = 16.2;
				LD_RUNPATH_SEARCH_PATHS = (
					"$(inherited)",
					"@executable_path/Frameworks",
				);
				MARKETING_VERSION = 1.0;
				PRODUCT_BUNDLE_IDENTIFIER = edu.northeastern.ashish.InstaPicture;
				PRODUCT_NAME = "$(TARGET_NAME)";
				SWIFT_EMIT_LOC_STRINGS = YES;
				SWIFT_VERSION = 5.0;
				TARGETED_DEVICE_FAMILY = "1,2";
			};
			name = Release;
		};
/* End XCBuildConfiguration section */

/* Begin XCConfigurationList section */
		46CB7CFB29E2120B004946F9 /* Build configuration list for PBXProject "InstaPicture" */ = {
			isa = XCConfigurationList;
			buildConfigurations = (
				46CB7D1229E2120D004946F9 /* Debug */,
				46CB7D1329E2120D004946F9 /* Release */,
			);
			defaultConfigurationIsVisible = 0;
			defaultConfigurationName = Release;
		};
		46CB7D1429E2120D004946F9 /* Build configuration list for PBXNativeTarget "InstaPicture" */ = {
			isa = XCConfigurationList;
			buildConfigurations = (
				46CB7D1529E2120D004946F9 /* Debug */,
				46CB7D1629E2120D004946F9 /* Release */,
			);
			defaultConfigurationIsVisible = 0;
			defaultConfigurationName = Release;
		};
/* End XCConfigurationList section */
	};
	rootObject = 46CB7CF829E2120B004946F9 /* Project object */;
}
